
Microsoft Visual Studio Solution File, Format Version 12.00
# Visual Studio 15
VisualStudioVersion = 15.0.28307.1231
MinimumVisualStudioVersion = 10.0.40219.1
Project("{FAE04EC0-301F-11D3-BF4B-00C04F79EFBC}") = "Sprite0", "Game1\Sprite0.csproj", "{B2CFF70E-4A00-498E-BCB5-07791CD1D6AC}"
EndProject
Global
	GlobalSection(SolutionConfigurationPlatforms) = preSolution
		Debug|x86 = Debug|x86
		Release|x86 = Release|x86
	EndGlobalSection
	GlobalSection(ProjectConfigurationPlatforms) = postSolution
		{B2CFF70E-4A00-498E-BCB5-07791CD1D6AC}.Debug|x86.ActiveCfg = Debug|x86
		{B2CFF70E-4A00-498E-BCB5-07791CD1D6AC}.Debug|x86.Build.0 = Debug|x86
		{B2CFF70E-4A00-498E-BCB5-07791CD1D6AC}.Release|x86.ActiveCfg = Release|x86
		{B2CFF70E-4A00-498E-BCB5-07791CD1D6AC}.Release|x86.Build.0 = Release|x86
	EndGlobalSection
	GlobalSection(SolutionProperties) = preSolution
		HideSolutionNode = FALSE
	EndGlobalSection
	GlobalSection(ExtensibilityGlobals) = postSolution
		SolutionGuid = {5117EF60-8E7B-42B6-9489-85607FACF220}
	EndGlobalSection
EndGlobal
